// !$*UTF8*$!
{
	archiveVersion = 1;
	classes = {
	};
	objectVersion = 50;
	objects = {

/* Begin PBXBuildFile section */
		DD8DAFF821E504C5000E7E5E /* AppDelegate.swift in Sources */ = {isa = PBXBuildFile; fileRef = DD8DAFF721E504C5000E7E5E /* AppDelegate.swift */; };
		DD8DAFFA21E504C5000E7E5E /* ViewController.swift in Sources */ = {isa = PBXBuildFile; fileRef = DD8DAFF921E504C5000E7E5E /* ViewController.swift */; };
		DD8DAFFD21E504C5000E7E5E /* Main.storyboard in Resources */ = {isa = PBXBuildFile; fileRef = DD8DAFFB21E504C5000E7E5E /* Main.storyboard */; };
		DD8DAFFF21E504C6000E7E5E /* Assets.xcassets in Resources */ = {isa = PBXBuildFile; fileRef = DD8DAFFE21E504C6000E7E5E /* Assets.xcassets */; };
		DD8DB00221E504C6000E7E5E /* LaunchScreen.storyboard in Resources */ = {isa = PBXBuildFile; fileRef = DD8DB00021E504C6000E7E5E /* LaunchScreen.storyboard */; };
		DD8DB00B21E509C0000E7E5E /* Extensions+UIView.swift in Sources */ = {isa = PBXBuildFile; fileRef = DD8DB00A21E509C0000E7E5E /* Extensions+UIView.swift */; };
		DD8DB00E21E50ED0000E7E5E /* HomeBottomControlsStackView.swift in Sources */ = {isa = PBXBuildFile; fileRef = DD8DB00D21E50ED0000E7E5E /* HomeBottomControlsStackView.swift */; };
		DD8DB01021E515D8000E7E5E /* TopNavigationStackView.swift in Sources */ = {isa = PBXBuildFile; fileRef = DD8DB00F21E515D8000E7E5E /* TopNavigationStackView.swift */; };
		DD8DB01221E5202C000E7E5E /* CardView.swift in Sources */ = {isa = PBXBuildFile; fileRef = DD8DB01121E5202C000E7E5E /* CardView.swift */; };
/* End PBXBuildFile section */

/* Begin PBXFileReference section */
		DD8DAFF421E504C5000E7E5E /* Tinder_Clone.app */ = {isa = PBXFileReference; explicitFileType = wrapper.application; includeInIndex = 0; path = Tinder_Clone.app; sourceTree = BUILT_PRODUCTS_DIR; };
		DD8DAFF721E504C5000E7E5E /* AppDelegate.swift */ = {isa = PBXFileReference; lastKnownFileType = sourcecode.swift; path = AppDelegate.swift; sourceTree = "<group>"; };
		DD8DAFF921E504C5000E7E5E /* ViewController.swift */ = {isa = PBXFileReference; lastKnownFileType = sourcecode.swift; path = ViewController.swift; sourceTree = "<group>"; };
		DD8DAFFC21E504C5000E7E5E /* Base */ = {isa = PBXFileReference; lastKnownFileType = file.storyboard; name = Base; path = Base.lproj/Main.storyboard; sourceTree = "<group>"; };
		DD8DAFFE21E504C6000E7E5E /* Assets.xcassets */ = {isa = PBXFileReference; lastKnownFileType = folder.assetcatalog; path = Assets.xcassets; sourceTree = "<group>"; };
		DD8DB00121E504C6000E7E5E /* Base */ = {isa = PBXFileReference; lastKnownFileType = file.storyboard; name = Base; path = Base.lproj/LaunchScreen.storyboard; sourceTree = "<group>"; };
		DD8DB00321E504C6000E7E5E /* Info.plist */ = {isa = PBXFileReference; lastKnownFileType = text.plist.xml; path = Info.plist; sourceTree = "<group>"; };
		DD8DB00A21E509C0000E7E5E /* Extensions+UIView.swift */ = {isa = PBXFileReference; fileEncoding = 4; lastKnownFileType = sourcecode.swift; path = "Extensions+UIView.swift"; sourceTree = "<group>"; };
		DD8DB00D21E50ED0000E7E5E /* HomeBottomControlsStackView.swift */ = {isa = PBXFileReference; lastKnownFileType = sourcecode.swift; path = HomeBottomControlsStackView.swift; sourceTree = "<group>"; };
		DD8DB00F21E515D8000E7E5E /* TopNavigationStackView.swift */ = {isa = PBXFileReference; lastKnownFileType = sourcecode.swift; path = TopNavigationStackView.swift; sourceTree = "<group>"; };
		DD8DB01121E5202C000E7E5E /* CardView.swift */ = {isa = PBXFileReference; lastKnownFileType = sourcecode.swift; path = CardView.swift; sourceTree = "<group>"; };
/* End PBXFileReference section */

/* Begin PBXFrameworksBuildPhase section */
		DD8DAFF121E504C5000E7E5E /* Frameworks */ = {
			isa = PBXFrameworksBuildPhase;
			buildActionMask = 2147483647;
			files = (
			);
			runOnlyForDeploymentPostprocessing = 0;
		};
/* End PBXFrameworksBuildPhase section */

/* Begin PBXGroup section */
		DD8DAFEB21E504C5000E7E5E = {
			isa = PBXGroup;
			children = (
				DD8DAFF621E504C5000E7E5E /* Tinder_Clone */,
				DD8DAFF521E504C5000E7E5E /* Products */,
			);
			sourceTree = "<group>";
		};
		DD8DAFF521E504C5000E7E5E /* Products */ = {
			isa = PBXGroup;
			children = (
				DD8DAFF421E504C5000E7E5E /* Tinder_Clone.app */,
			);
			name = Products;
			sourceTree = "<group>";
		};
		DD8DAFF621E504C5000E7E5E /* Tinder_Clone */ = {
			isa = PBXGroup;
			children = (
				DD8DB00C21E50E9B000E7E5E /* Views */,
				DD8DB00921E50985000E7E5E /* Extensions */,
				DD8DAFF721E504C5000E7E5E /* AppDelegate.swift */,
				DD8DAFF921E504C5000E7E5E /* ViewController.swift */,
				DD8DAFFB21E504C5000E7E5E /* Main.storyboard */,
				DD8DAFFE21E504C6000E7E5E /* Assets.xcassets */,
				DD8DB00021E504C6000E7E5E /* LaunchScreen.storyboard */,
				DD8DB00321E504C6000E7E5E /* Info.plist */,
			);
			path = Tinder_Clone;
			sourceTree = "<group>";
		};
		DD8DB00921E50985000E7E5E /* Extensions */ = {
			isa = PBXGroup;
			children = (
				DD8DB00A21E509C0000E7E5E /* Extensions+UIView.swift */,
			);
			path = Extensions;
			sourceTree = "<group>";
		};
		DD8DB00C21E50E9B000E7E5E /* Views */ = {
			isa = PBXGroup;
			children = (
				DD8DB00D21E50ED0000E7E5E /* HomeBottomControlsStackView.swift */,
				DD8DB00F21E515D8000E7E5E /* TopNavigationStackView.swift */,
				DD8DB01121E5202C000E7E5E /* CardView.swift */,
			);
			path = Views;
			sourceTree = "<group>";
		};
/* End PBXGroup section */

/* Begin PBXNativeTarget section */
		DD8DAFF321E504C5000E7E5E /* Tinder_Clone */ = {
			isa = PBXNativeTarget;
			buildConfigurationList = DD8DB00621E504C6000E7E5E /* Build configuration list for PBXNativeTarget "Tinder_Clone" */;
			buildPhases = (
				DD8DAFF021E504C5000E7E5E /* Sources */,
				DD8DAFF121E504C5000E7E5E /* Frameworks */,
				DD8DAFF221E504C5000E7E5E /* Resources */,
			);
			buildRules = (
			);
			dependencies = (
			);
			name = Tinder_Clone;
			productName = Tinder_Clone;
			productReference = DD8DAFF421E504C5000E7E5E /* Tinder_Clone.app */;
			productType = "com.apple.product-type.application";
		};
/* End PBXNativeTarget section */

/* Begin PBXProject section */
		DD8DAFEC21E504C5000E7E5E /* Project object */ = {
			isa = PBXProject;
			attributes = {
				LastSwiftUpdateCheck = 1010;
				LastUpgradeCheck = 1010;
				ORGANIZATIONNAME = "Igor Tkach";
				TargetAttributes = {
					DD8DAFF321E504C5000E7E5E = {
						CreatedOnToolsVersion = 10.1;
					};
				};
			};
			buildConfigurationList = DD8DAFEF21E504C5000E7E5E /* Build configuration list for PBXProject "Tinder_Clone" */;
			compatibilityVersion = "Xcode 9.3";
			developmentRegion = en;
			hasScannedForEncodings = 0;
			knownRegions = (
				en,
				Base,
			);
			mainGroup = DD8DAFEB21E504C5000E7E5E;
			productRefGroup = DD8DAFF521E504C5000E7E5E /* Products */;
			projectDirPath = "";
			projectRoot = "";
			targets = (
				DD8DAFF321E504C5000E7E5E /* Tinder_Clone */,
			);
		};
/* End PBXProject section */

/* Begin PBXResourcesBuildPhase section */
		DD8DAFF221E504C5000E7E5E /* Resources */ = {
			isa = PBXResourcesBuildPhase;
			buildActionMask = 2147483647;
			files = (
				DD8DB00221E504C6000E7E5E /* LaunchScreen.storyboard in Resources */,
				DD8DAFFF21E504C6000E7E5E /* Assets.xcassets in Resources */,
				DD8DAFFD21E504C5000E7E5E /* Main.storyboard in Resources */,
			);
			runOnlyForDeploymentPostprocessing = 0;
		};
/* End PBXResourcesBuildPhase section */

/* Begin PBXSourcesBuildPhase section */
		DD8DAFF021E504C5000E7E5E /* Sources */ = {
			isa = PBXSourcesBuildPhase;
			buildActionMask = 2147483647;
			files = (
				DD8DAFFA21E504C5000E7E5E /* ViewController.swift in Sources */,
				DD8DB00E21E50ED0000E7E5E /* HomeBottomControlsStackView.swift in Sources */,
				DD8DAFF821E504C5000E7E5E /* AppDelegate.swift in Sources */,
				DD8DB00B21E509C0000E7E5E /* Extensions+UIView.swift in Sources */,
				DD8DB01221E5202C000E7E5E /* CardView.swift in Sources */,
				DD8DB01021E515D8000E7E5E /* TopNavigationStackView.swift in Sources */,
			);
			runOnlyForDeploymentPostprocessing = 0;
		};
/* End PBXSourcesBuildPhase section */

/* Begin PBXVariantGroup section */
		DD8DAFFB21E504C5000E7E5E /* Main.storyboard */ = {
			isa = PBXVariantGroup;
			children = (
				DD8DAFFC21E504C5000E7E5E /* Base */,
			);
			name = Main.storyboard;
			sourceTree = "<group>";
		};
		DD8DB00021E504C6000E7E5E /* LaunchScreen.storyboard */ = {
			isa = PBXVariantGroup;
			children = (
				DD8DB00121E504C6000E7E5E /* Base */,
			);
			name = LaunchScreen.storyboard;
			sourceTree = "<group>";
		};
/* End PBXVariantGroup section */

/* Begin XCBuildConfiguration section */
		DD8DB00421E504C6000E7E5E /* Debug */ = {
			isa = XCBuildConfiguration;
			buildSettings = {
				ALWAYS_SEARCH_USER_PATHS = NO;
				CLANG_ANALYZER_NONNULL = YES;
				CLANG_ANALYZER_NUMBER_OBJECT_CONVERSION = YES_AGGRESSIVE;
				CLANG_CXX_LANGUAGE_STANDARD = "gnu++14";
				CLANG_CXX_LIBRARY = "libc++";
				CLANG_ENABLE_MODULES = YES;
				CLANG_ENABLE_OBJC_ARC = YES;
				CLANG_ENABLE_OBJC_WEAK = YES;
				CLANG_WARN_BLOCK_CAPTURE_AUTORELEASING = YES;
				CLANG_WARN_BOOL_CONVERSION = YES;
				CLANG_WARN_COMMA = YES;
				CLANG_WARN_CONSTANT_CONVERSION = YES;
				CLANG_WARN_DEPRECATED_OBJC_IMPLEMENTATIONS = YES;
				CLANG_WARN_DIRECT_OBJC_ISA_USAGE = YES_ERROR;
				CLANG_WARN_DOCUMENTATION_COMMENTS = YES;
				CLANG_WARN_EMPTY_BODY = YES;
				CLANG_WARN_ENUM_CONVERSION = YES;
				CLANG_WARN_INFINITE_RECURSION = YES;
				CLANG_WARN_INT_CONVERSION = YES;
				CLANG_WARN_NON_LITERAL_NULL_CONVERSION = YES;
				CLANG_WARN_OBJC_IMPLICIT_RETAIN_SELF = YES;
				CLANG_WARN_OBJC_LITERAL_CONVERSION = YES;
				CLANG_WARN_OBJC_ROOT_CLASS = YES_ERROR;
				CLANG_WARN_RANGE_LOOP_ANALYSIS = YES;
				CLANG_WARN_STRICT_PROTOTYPES = YES;
				CLANG_WARN_SUSPICIOUS_MOVE = YES;
				CLANG_WARN_UNGUARDED_AVAILABILITY = YES_AGGRESSIVE;
				CLANG_WARN_UNREACHABLE_CODE = YES;
				CLANG_WARN__DUPLICATE_METHOD_MATCH = YES;
				CODE_SIGN_IDENTITY = "iPhone Developer";
				COPY_PHASE_STRIP = NO;
				DEBUG_INFORMATION_FORMAT = dwarf;
				ENABLE_STRICT_OBJC_MSGSEND = YES;
				ENABLE_TESTABILITY = YES;
				GCC_C_LANGUAGE_STANDARD = gnu11;
				GCC_DYNAMIC_NO_PIC = NO;
				GCC_NO_COMMON_BLOCKS = YES;
				GCC_OPTIMIZATION_LEVEL = 0;
				GCC_PREPROCESSOR_DEFINITIONS = (
					"DEBUG=1",
					"$(inherited)",
				);
				GCC_WARN_64_TO_32_BIT_CONVERSION = YES;
				GCC_WARN_ABOUT_RETURN_TYPE = YES_ERROR;
				GCC_WARN_UNDECLARED_SELECTOR = YES;
				GCC_WARN_UNINITIALIZED_AUTOS = YES_AGGRESSIVE;
				GCC_WARN_UNUSED_FUNCTION = YES;
				GCC_WARN_UNUSED_VARIABLE = YES;
				IPHONEOS_DEPLOYMENT_TARGET = 12.1;
				MTL_ENABLE_DEBUG_INFO = INCLUDE_SOURCE;
				MTL_FAST_MATH = YES;
				ONLY_ACTIVE_ARCH = YES;
				SDKROOT = iphoneos;
				SWIFT_ACTIVE_COMPILATION_CONDITIONS = DEBUG;
				SWIFT_OPTIMIZATION_LEVEL = "-Onone";
			};
			name = Debug;
		};
		DD8DB00521E504C6000E7E5E /* Release */ = {
			isa = XCBuildConfiguration;
			buildSettings = {
				ALWAYS_SEARCH_USER_PATHS = NO;
				CLANG_ANALYZER_NONNULL = YES;
				CLANG_ANALYZER_NUMBER_OBJECT_CONVERSION = YES_AGGRESSIVE;
				CLANG_CXX_LANGUAGE_STANDARD = "gnu++14";
				CLANG_CXX_LIBRARY = "libc++";
				CLANG_ENABLE_MODULES = YES;
				CLANG_ENABLE_OBJC_ARC = YES;
				CLANG_ENABLE_OBJC_WEAK = YES;
				CLANG_WARN_BLOCK_CAPTURE_AUTORELEASING = YES;
				CLANG_WARN_BOOL_CONVERSION = YES;
				CLANG_WARN_COMMA = YES;
				CLANG_WARN_CONSTANT_CONVERSION = YES;
				CLANG_WARN_DEPRECATED_OBJC_IMPLEMENTATIONS = YES;
				CLANG_WARN_DIRECT_OBJC_ISA_USAGE = YES_ERROR;
				CLANG_WARN_DOCUMENTATION_COMMENTS = YES;
				CLANG_WARN_EMPTY_BODY = YES;
				CLANG_WARN_ENUM_CONVERSION = YES;
				CLANG_WARN_INFINITE_RECURSION = YES;
				CLANG_WARN_INT_CONVERSION = YES;
				CLANG_WARN_NON_LITERAL_NULL_CONVERSION = YES;
				CLANG_WARN_OBJC_IMPLICIT_RETAIN_SELF = YES;
				CLANG_WARN_OBJC_LITERAL_CONVERSION = YES;
				CLANG_WARN_OBJC_ROOT_CLASS = YES_ERROR;
				CLANG_WARN_RANGE_LOOP_ANALYSIS = YES;
				CLANG_WARN_STRICT_PROTOTYPES = YES;
				CLANG_WARN_SUSPICIOUS_MOVE = YES;
				CLANG_WARN_UNGUARDED_AVAILABILITY = YES_AGGRESSIVE;
				CLANG_WARN_UNREACHABLE_CODE = YES;
				CLANG_WARN__DUPLICATE_METHOD_MATCH = YES;
				CODE_SIGN_IDENTITY = "iPhone Developer";
				COPY_PHASE_STRIP = NO;
				DEBUG_INFORMATION_FORMAT = "dwarf-with-dsym";
				ENABLE_NS_ASSERTIONS = NO;
				ENABLE_STRICT_OBJC_MSGSEND = YES;
				GCC_C_LANGUAGE_STANDARD = gnu11;
				GCC_NO_COMMON_BLOCKS = YES;
				GCC_WARN_64_TO_32_BIT_CONVERSION = YES;
				GCC_WARN_ABOUT_RETURN_TYPE = YES_ERROR;
				GCC_WARN_UNDECLARED_SELECTOR = YES;
				GCC_WARN_UNINITIALIZED_AUTOS = YES_AGGRESSIVE;
				GCC_WARN_UNUSED_FUNCTION = YES;
				GCC_WARN_UNUSED_VARIABLE = YES;
				IPHONEOS_DEPLOYMENT_TARGET = 12.1;
				MTL_ENABLE_DEBUG_INFO = NO;
				MTL_FAST_MATH = YES;
				SDKROOT = iphoneos;
				SWIFT_COMPILATION_MODE = wholemodule;
				SWIFT_OPTIMIZATION_LEVEL = "-O";
				VALIDATE_PRODUCT = YES;
			};
			name = Release;
		};
		DD8DB00721E504C6000E7E5E /* Debug */ = {
			isa = XCBuildConfiguration;
			buildSettings = {
				ASSETCATALOG_COMPILER_APPICON_NAME = AppIcon;
				CODE_SIGN_STYLE = Automatic;
				DEVELOPMENT_TEAM = 6D6XU3X587;
				INFOPLIST_FILE = Tinder_Clone/Info.plist;
				LD_RUNPATH_SEARCH_PATHS = (
					"$(inherited)",
					"@executable_path/Frameworks",
				);
				PRODUCT_BUNDLE_IDENTIFIER = "tkach.igor.Tinder-Clone";
				PRODUCT_NAME = "$(TARGET_NAME)";
				SWIFT_VERSION = 4.2;
				TARGETED_DEVICE_FAMILY = "1,2";
			};
			name = Debug;
		};
		DD8DB00821E504C6000E7E5E /* Release */ = {
			isa = XCBuildConfiguration;
			buildSettings = {
				ASSETCATALOG_COMPILER_APPICON_NAME = AppIcon;
				CODE_SIGN_STYLE = Automatic;
				DEVELOPMENT_TEAM = 6D6XU3X587;
				INFOPLIST_FILE = Tinder_Clone/Info.plist;
				LD_RUNPATH_SEARCH_PATHS = (
					"$(inherited)",
					"@executable_path/Frameworks",
				);
				PRODUCT_BUNDLE_IDENTIFIER = "tkach.igor.Tinder-Clone";
				PRODUCT_NAME = "$(TARGET_NAME)";
				SWIFT_VERSION = 4.2;
				TARGETED_DEVICE_FAMILY = "1,2";
			};
			name = Release;
		};
/* End XCBuildConfiguration section */

/* Begin XCConfigurationList section */
		DD8DAFEF21E504C5000E7E5E /* Build configuration list for PBXProject "Tinder_Clone" */ = {
			isa = XCConfigurationList;
			buildConfigurations = (
				DD8DB00421E504C6000E7E5E /* Debug */,
				DD8DB00521E504C6000E7E5E /* Release */,
			);
			defaultConfigurationIsVisible = 0;
			defaultConfigurationName = Release;
		};
		DD8DB00621E504C6000E7E5E /* Build configuration list for PBXNativeTarget "Tinder_Clone" */ = {
			isa = XCConfigurationList;
			buildConfigurations = (
				DD8DB00721E504C6000E7E5E /* Debug */,
				DD8DB00821E504C6000E7E5E /* Release */,
			);
			defaultConfigurationIsVisible = 0;
			defaultConfigurationName = Release;
		};
/* End XCConfigurationList section */
	};
	rootObject = DD8DAFEC21E504C5000E7E5E /* Project object */;
}
